// !$*UTF8*$!
{
	archiveVersion = 1;
	classes = {
	};
	objectVersion = 48;
	objects = {

/* Begin PBXBuildFile section */
		A25E8D951EF934C900DBB47E /* AppDelegate.swift in Sources */ = {isa = PBXBuildFile; fileRef = A25E8D941EF934C800DBB47E /* AppDelegate.swift */; };
		A25E8D971EF934C900DBB47E /* ViewController.swift in Sources */ = {isa = PBXBuildFile; fileRef = A25E8D961EF934C900DBB47E /* ViewController.swift */; };
		A25E8D9A1EF934C900DBB47E /* Main.storyboard in Resources */ = {isa = PBXBuildFile; fileRef = A25E8D981EF934C900DBB47E /* Main.storyboard */; };
		A25E8D9C1EF934C900DBB47E /* Assets.xcassets in Resources */ = {isa = PBXBuildFile; fileRef = A25E8D9B1EF934C900DBB47E /* Assets.xcassets */; };
		A25E8D9F1EF934C900DBB47E /* LaunchScreen.storyboard in Resources */ = {isa = PBXBuildFile; fileRef = A25E8D9D1EF934C900DBB47E /* LaunchScreen.storyboard */; };
		A25E8DA71EF93A1B00DBB47E /* InfoViewController.swift in Sources */ = {isa = PBXBuildFile; fileRef = A25E8DA61EF93A1B00DBB47E /* InfoViewController.swift */; };
		A25E8DA91EF945C500DBB47E /* MapViewcontroller.swift in Sources */ = {isa = PBXBuildFile; fileRef = A25E8DA81EF945C500DBB47E /* MapViewcontroller.swift */; };
/* End PBXBuildFile section */

/* Begin PBXFileReference section */
		A25E8D911EF934C800DBB47E /* RSR.app */ = {isa = PBXFileReference; explicitFileType = wrapper.application; includeInIndex = 0; path = RSR.app; sourceTree = BUILT_PRODUCTS_DIR; };
		A25E8D941EF934C800DBB47E /* AppDelegate.swift */ = {isa = PBXFileReference; lastKnownFileType = sourcecode.swift; path = AppDelegate.swift; sourceTree = "<group>"; };
		A25E8D961EF934C900DBB47E /* ViewController.swift */ = {isa = PBXFileReference; lastKnownFileType = sourcecode.swift; path = ViewController.swift; sourceTree = "<group>"; };
		A25E8D991EF934C900DBB47E /* Base */ = {isa = PBXFileReference; lastKnownFileType = file.storyboard; name = Base; path = Base.lproj/Main.storyboard; sourceTree = "<group>"; };
		A25E8D9B1EF934C900DBB47E /* Assets.xcassets */ = {isa = PBXFileReference; lastKnownFileType = folder.assetcatalog; path = Assets.xcassets; sourceTree = "<group>"; };
		A25E8D9E1EF934C900DBB47E /* Base */ = {isa = PBXFileReference; lastKnownFileType = file.storyboard; name = Base; path = Base.lproj/LaunchScreen.storyboard; sourceTree = "<group>"; };
		A25E8DA01EF934C900DBB47E /* Info.plist */ = {isa = PBXFileReference; lastKnownFileType = text.plist.xml; path = Info.plist; sourceTree = "<group>"; };
		A25E8DA61EF93A1B00DBB47E /* InfoViewController.swift */ = {isa = PBXFileReference; lastKnownFileType = sourcecode.swift; path = InfoViewController.swift; sourceTree = "<group>"; };
		A25E8DA81EF945C500DBB47E /* MapViewcontroller.swift */ = {isa = PBXFileReference; lastKnownFileType = sourcecode.swift; path = MapViewcontroller.swift; sourceTree = "<group>"; };
/* End PBXFileReference section */

/* Begin PBXFrameworksBuildPhase section */
		A25E8D8E1EF934C800DBB47E /* Frameworks */ = {
			isa = PBXFrameworksBuildPhase;
			buildActionMask = 2147483647;
			files = (
			);
			runOnlyForDeploymentPostprocessing = 0;
		};
/* End PBXFrameworksBuildPhase section */

/* Begin PBXGroup section */
		A25E8D881EF934C800DBB47E = {
			isa = PBXGroup;
			children = (
				A25E8D931EF934C800DBB47E /* RSR_Tschauner */,
				A25E8D921EF934C800DBB47E /* Products */,
			);
			sourceTree = "<group>";
		};
		A25E8D921EF934C800DBB47E /* Products */ = {
			isa = PBXGroup;
			children = (
				A25E8D911EF934C800DBB47E /* RSR.app */,
			);
			name = Products;
			sourceTree = "<group>";
		};
		A25E8D931EF934C800DBB47E /* RSR_Tschauner */ = {
			isa = PBXGroup;
			children = (
				A25E8D941EF934C800DBB47E /* AppDelegate.swift */,
				A25E8D961EF934C900DBB47E /* ViewController.swift */,
				A25E8DA81EF945C500DBB47E /* MapViewcontroller.swift */,
				A25E8DA61EF93A1B00DBB47E /* InfoViewController.swift */,
				A25E8D981EF934C900DBB47E /* Main.storyboard */,
				A25E8D9B1EF934C900DBB47E /* Assets.xcassets */,
				A25E8D9D1EF934C900DBB47E /* LaunchScreen.storyboard */,
				A25E8DA01EF934C900DBB47E /* Info.plist */,
			);
			path = RSR_Tschauner;
			sourceTree = "<group>";
		};
/* End PBXGroup section */

/* Begin PBXNativeTarget section */
		A25E8D901EF934C800DBB47E /* RSR */ = {
			isa = PBXNativeTarget;
			buildConfigurationList = A25E8DA31EF934C900DBB47E /* Build configuration list for PBXNativeTarget "RSR" */;
			buildPhases = (
				A25E8D8D1EF934C800DBB47E /* Sources */,
				A25E8D8E1EF934C800DBB47E /* Frameworks */,
				A25E8D8F1EF934C800DBB47E /* Resources */,
			);
			buildRules = (
			);
			dependencies = (
			);
			name = RSR;
			productName = RSR_Tschauner;
			productReference = A25E8D911EF934C800DBB47E /* RSR.app */;
			productType = "com.apple.product-type.application";
		};
/* End PBXNativeTarget section */

/* Begin PBXProject section */
		A25E8D891EF934C800DBB47E /* Project object */ = {
			isa = PBXProject;
			attributes = {
				LastSwiftUpdateCheck = 0900;
				LastUpgradeCheck = 0900;
				ORGANIZATIONNAME = "Philipp Tschauner";
				TargetAttributes = {
					A25E8D901EF934C800DBB47E = {
						CreatedOnToolsVersion = 9.0;
					};
				};
			};
			buildConfigurationList = A25E8D8C1EF934C800DBB47E /* Build configuration list for PBXProject "RSR" */;
			compatibilityVersion = "Xcode 8.0";
			developmentRegion = en;
			hasScannedForEncodings = 0;
			knownRegions = (
				en,
				Base,
			);
			mainGroup = A25E8D881EF934C800DBB47E;
			productRefGroup = A25E8D921EF934C800DBB47E /* Products */;
			projectDirPath = "";
			projectRoot = "";
			targets = (
				A25E8D901EF934C800DBB47E /* RSR */,
			);
		};
/* End PBXProject section */

/* Begin PBXResourcesBuildPhase section */
		A25E8D8F1EF934C800DBB47E /* Resources */ = {
			isa = PBXResourcesBuildPhase;
			buildActionMask = 2147483647;
			files = (
				A25E8D9F1EF934C900DBB47E /* LaunchScreen.storyboard in Resources */,
				A25E8D9C1EF934C900DBB47E /* Assets.xcassets in Resources */,
				A25E8D9A1EF934C900DBB47E /* Main.storyboard in Resources */,
			);
			runOnlyForDeploymentPostprocessing = 0;
		};
/* End PBXResourcesBuildPhase section */

/* Begin PBXSourcesBuildPhase section */
		A25E8D8D1EF934C800DBB47E /* Sources */ = {
			isa = PBXSourcesBuildPhase;
			buildActionMask = 2147483647;
			files = (
				A25E8D971EF934C900DBB47E /* ViewController.swift in Sources */,
				A25E8DA71EF93A1B00DBB47E /* InfoViewController.swift in Sources */,
				A25E8D951EF934C900DBB47E /* AppDelegate.swift in Sources */,
				A25E8DA91EF945C500DBB47E /* MapViewcontroller.swift in Sources */,
			);
			runOnlyForDeploymentPostprocessing = 0;
		};
/* End PBXSourcesBuildPhase section */

/* Begin PBXVariantGroup section */
		A25E8D981EF934C900DBB47E /* Main.storyboard */ = {
			isa = PBXVariantGroup;
			children = (
				A25E8D991EF934C900DBB47E /* Base */,
			);
			name = Main.storyboard;
			sourceTree = "<group>";
		};
		A25E8D9D1EF934C900DBB47E /* LaunchScreen.storyboard */ = {
			isa = PBXVariantGroup;
			children = (
				A25E8D9E1EF934C900DBB47E /* Base */,
			);
			name = LaunchScreen.storyboard;
			sourceTree = "<group>";
		};
/* End PBXVariantGroup section */

/* Begin XCBuildConfiguration section */
		A25E8DA11EF934C900DBB47E /* Debug */ = {
			isa = XCBuildConfiguration;
			buildSettings = {
				ALWAYS_SEARCH_USER_PATHS = NO;
				CLANG_ANALYZER_NONNULL = YES;
				CLANG_ANALYZER_NUMBER_OBJECT_CONVERSION = YES_AGGRESSIVE;
				CLANG_CXX_LANGUAGE_STANDARD = "gnu++14";
				CLANG_CXX_LIBRARY = "libc++";
				CLANG_ENABLE_MODULES = YES;
				CLANG_ENABLE_OBJC_ARC = YES;
				CLANG_WARN_BLOCK_CAPTURE_AUTORELEASING = YES;
				CLANG_WARN_BOOL_CONVERSION = YES;
				CLANG_WARN_COMMA = YES;
				CLANG_WARN_CONSTANT_CONVERSION = YES;
				CLANG_WARN_DIRECT_OBJC_ISA_USAGE = YES_ERROR;
				CLANG_WARN_DOCUMENTATION_COMMENTS = YES;
				CLANG_WARN_EMPTY_BODY = YES;
				CLANG_WARN_ENUM_CONVERSION = YES;
				CLANG_WARN_INFINITE_RECURSION = YES;
				CLANG_WARN_INT_CONVERSION = YES;
				CLANG_WARN_OBJC_ROOT_CLASS = YES_ERROR;
				CLANG_WARN_RANGE_LOOP_ANALYSIS = YES;
				CLANG_WARN_STRICT_PROTOTYPES = YES;
				CLANG_WARN_SUSPICIOUS_MOVE = YES;
				CLANG_WARN_UNGUARDED_AVAILABILITY = YES_AGGRESSIVE;
				CLANG_WARN_UNREACHABLE_CODE = YES;
				CLANG_WARN__DUPLICATE_METHOD_MATCH = YES;
				CODE_SIGN_IDENTITY = "iPhone Developer";
				COPY_PHASE_STRIP = NO;
				DEBUG_INFORMATION_FORMAT = dwarf;
				ENABLE_STRICT_OBJC_MSGSEND = YES;
				ENABLE_TESTABILITY = YES;
				GCC_C_LANGUAGE_STANDARD = gnu11;
				GCC_DYNAMIC_NO_PIC = NO;
				GCC_NO_COMMON_BLOCKS = YES;
				GCC_OPTIMIZATION_LEVEL = 0;
				GCC_PREPROCESSOR_DEFINITIONS = (
					"DEBUG=1",
					"$(inherited)",
				);
				GCC_WARN_64_TO_32_BIT_CONVERSION = YES;
				GCC_WARN_ABOUT_RETURN_TYPE = YES_ERROR;
				GCC_WARN_UNDECLARED_SELECTOR = YES;
				GCC_WARN_UNINITIALIZED_AUTOS = YES_AGGRESSIVE;
				GCC_WARN_UNUSED_FUNCTION = YES;
				GCC_WARN_UNUSED_VARIABLE = YES;
				IPHONEOS_DEPLOYMENT_TARGET = 10.3;
				MTL_ENABLE_DEBUG_INFO = YES;
				ONLY_ACTIVE_ARCH = YES;
				SDKROOT = iphoneos;
				SWIFT_ACTIVE_COMPILATION_CONDITIONS = DEBUG;
				SWIFT_OPTIMIZATION_LEVEL = "-Onone";
			};
			name = Debug;
		};
		A25E8DA21EF934C900DBB47E /* Release */ = {
			isa = XCBuildConfiguration;
			buildSettings = {
				ALWAYS_SEARCH_USER_PATHS = NO;
				CLANG_ANALYZER_NONNULL = YES;
				CLANG_ANALYZER_NUMBER_OBJECT_CONVERSION = YES_AGGRESSIVE;
				CLANG_CXX_LANGUAGE_STANDARD = "gnu++14";
				CLANG_CXX_LIBRARY = "libc++";
				CLANG_ENABLE_MODULES = YES;
				CLANG_ENABLE_OBJC_ARC = YES;
				CLANG_WARN_BLOCK_CAPTURE_AUTORELEASING = YES;
				CLANG_WARN_BOOL_CONVERSION = YES;
				CLANG_WARN_COMMA = YES;
				CLANG_WARN_CONSTANT_CONVERSION = YES;
				CLANG_WARN_DIRECT_OBJC_ISA_USAGE = YES_ERROR;
				CLANG_WARN_DOCUMENTATION_COMMENTS = YES;
				CLANG_WARN_EMPTY_BODY = YES;
				CLANG_WARN_ENUM_CONVERSION = YES;
				CLANG_WARN_INFINITE_RECURSION = YES;
				CLANG_WARN_INT_CONVERSION = YES;
				CLANG_WARN_OBJC_ROOT_CLASS = YES_ERROR;
				CLANG_WARN_RANGE_LOOP_ANALYSIS = YES;
				CLANG_WARN_STRICT_PROTOTYPES = YES;
				CLANG_WARN_SUSPICIOUS_MOVE = YES;
				CLANG_WARN_UNGUARDED_AVAILABILITY = YES_AGGRESSIVE;
				CLANG_WARN_UNREACHABLE_CODE = YES;
				CLANG_WARN__DUPLICATE_METHOD_MATCH = YES;
				CODE_SIGN_IDENTITY = "iPhone Developer";
				COPY_PHASE_STRIP = NO;
				DEBUG_INFORMATION_FORMAT = "dwarf-with-dsym";
				ENABLE_NS_ASSERTIONS = NO;
				ENABLE_STRICT_OBJC_MSGSEND = YES;
				GCC_C_LANGUAGE_STANDARD = gnu11;
				GCC_NO_COMMON_BLOCKS = YES;
				GCC_WARN_64_TO_32_BIT_CONVERSION = YES;
				GCC_WARN_ABOUT_RETURN_TYPE = YES_ERROR;
				GCC_WARN_UNDECLARED_SELECTOR = YES;
				GCC_WARN_UNINITIALIZED_AUTOS = YES_AGGRESSIVE;
				GCC_WARN_UNUSED_FUNCTION = YES;
				GCC_WARN_UNUSED_VARIABLE = YES;
				IPHONEOS_DEPLOYMENT_TARGET = 10.3;
				MTL_ENABLE_DEBUG_INFO = NO;
				SDKROOT = iphoneos;
				SWIFT_OPTIMIZATION_LEVEL = "-Owholemodule";
				VALIDATE_PRODUCT = YES;
			};
			name = Release;
		};
		A25E8DA41EF934C900DBB47E /* Debug */ = {
			isa = XCBuildConfiguration;
			buildSettings = {
				ASSETCATALOG_COMPILER_APPICON_NAME = AppIcon;
				DEVELOPMENT_TEAM = 98QF3H5LV4;
				INFOPLIST_FILE = RSR_Tschauner/Info.plist;
				IPHONEOS_DEPLOYMENT_TARGET = 10.3;
				LD_RUNPATH_SEARCH_PATHS = "$(inherited) @executable_path/Frameworks";
				PRODUCT_BUNDLE_IDENTIFIER = com.phitsch.RSR;
				PRODUCT_NAME = "$(TARGET_NAME)";
				SWIFT_VERSION = 3.0;
				TARGETED_DEVICE_FAMILY = "1,2";
			};
			name = Debug;
		};
		A25E8DA51EF934C900DBB47E /* Release */ = {
			isa = XCBuildConfiguration;
			buildSettings = {
				ASSETCATALOG_COMPILER_APPICON_NAME = AppIcon;
				DEVELOPMENT_TEAM = 98QF3H5LV4;
				INFOPLIST_FILE = RSR_Tschauner/Info.plist;
				IPHONEOS_DEPLOYMENT_TARGET = 10.3;
				LD_RUNPATH_SEARCH_PATHS = "$(inherited) @executable_path/Frameworks";
				PRODUCT_BUNDLE_IDENTIFIER = com.phitsch.RSR;
				PRODUCT_NAME = "$(TARGET_NAME)";
				SWIFT_VERSION = 3.0;
				TARGETED_DEVICE_FAMILY = "1,2";
			};
			name = Release;
		};
/* End XCBuildConfiguration section */

/* Begin XCConfigurationList section */
		A25E8D8C1EF934C800DBB47E /* Build configuration list for PBXProject "RSR" */ = {
			isa = XCConfigurationList;
			buildConfigurations = (
				A25E8DA11EF934C900DBB47E /* Debug */,
				A25E8DA21EF934C900DBB47E /* Release */,
			);
			defaultConfigurationIsVisible = 0;
			defaultConfigurationName = Release;
		};
		A25E8DA31EF934C900DBB47E /* Build configuration list for PBXNativeTarget "RSR" */ = {
			isa = XCConfigurationList;
			buildConfigurations = (
				A25E8DA41EF934C900DBB47E /* Debug */,
				A25E8DA51EF934C900DBB47E /* Release */,
			);
			defaultConfigurationIsVisible = 0;
			defaultConfigurationName = Release;
		};
/* End XCConfigurationList section */
	};
	rootObject = A25E8D891EF934C800DBB47E /* Project object */;
}
